
Microsoft Visual Studio Solution File, Format Version 12.00
# Visual Studio Version 17
VisualStudioVersion = 17.7.34202.233
MinimumVisualStudioVersion = 10.0.40219.1
Project("{FAE04EC0-301F-11D3-BF4B-00C04F79EFBC}") = "Homework_06-07.Web", "Homework_06-07.Web\Homework_06-07.Web.csproj", "{A6F89A0F-6FF6-4F23-954C-C53EFC9BA8B7}"
	ProjectSection(ProjectDependencies) = postProject
		{860E6842-1361-4ECB-8B24-5873200152D5} = {860E6842-1361-4ECB-8B24-5873200152D5}
	EndProjectSection
EndProject
Project("{FAE04EC0-301F-11D3-BF4B-00C04F79EFBC}") = "Homework_06-07.Data", "Homework_06-07.Data\Homework_06-07.Data.csproj", "{860E6842-1361-4ECB-8B24-5873200152D5}"
EndProject
Global
	GlobalSection(SolutionConfigurationPlatforms) = preSolution
		Debug|Any CPU = Debug|Any CPU
		Release|Any CPU = Release|Any CPU
	EndGlobalSection
	GlobalSection(ProjectConfigurationPlatforms) = postSolution
		{A6F89A0F-6FF6-4F23-954C-C53EFC9BA8B7}.Debug|Any CPU.ActiveCfg = Debug|Any CPU
		{A6F89A0F-6FF6-4F23-954C-C53EFC9BA8B7}.Debug|Any CPU.Build.0 = Debug|Any CPU
		{A6F89A0F-6FF6-4F23-954C-C53EFC9BA8B7}.Release|Any CPU.ActiveCfg = Release|Any CPU
		{A6F89A0F-6FF6-4F23-954C-C53EFC9BA8B7}.Release|Any CPU.Build.0 = Release|Any CPU
		{860E6842-1361-4ECB-8B24-5873200152D5}.Debug|Any CPU.ActiveCfg = Debug|Any CPU
		{860E6842-1361-4ECB-8B24-5873200152D5}.Debug|Any CPU.Build.0 = Debug|Any CPU
		{860E6842-1361-4ECB-8B24-5873200152D5}.Release|Any CPU.ActiveCfg = Release|Any CPU
		{860E6842-1361-4ECB-8B24-5873200152D5}.Release|Any CPU.Build.0 = Release|Any CPU
	EndGlobalSection
	GlobalSection(SolutionProperties) = preSolution
		HideSolutionNode = FALSE
	EndGlobalSection
	GlobalSection(ExtensibilityGlobals) = postSolution
		SolutionGuid = {FE40608D-E2B2-4113-A205-791D338CFD05}
	EndGlobalSection
EndGlobal
